
Microsoft Visual Studio Solution File, Format Version 12.00
# Visual Studio Version 16
VisualStudioVersion = 16.0.29905.134
MinimumVisualStudioVersion = 10.0.40219.1
Project("{FAE04EC0-301F-11D3-BF4B-00C04F79EFBC}") = "Elenas New Game", "Elenas New Game.csproj", "{58360528-5929-400A-918D-ECCF52187967}"
EndProject
Global
	GlobalSection(SolutionConfigurationPlatforms) = preSolution
		Debug|Any CPU = Debug|Any CPU
		Release|Any CPU = Release|Any CPU
	EndGlobalSection
	GlobalSection(ProjectConfigurationPlatforms) = postSolution
		{58360528-5929-400A-918D-ECCF52187967}.Debug|Any CPU.ActiveCfg = Debug|Any CPU
		{58360528-5929-400A-918D-ECCF52187967}.Debug|Any CPU.Build.0 = Debug|Any CPU
		{58360528-5929-400A-918D-ECCF52187967}.Release|Any CPU.ActiveCfg = Release|Any CPU
		{58360528-5929-400A-918D-ECCF52187967}.Release|Any CPU.Build.0 = Release|Any CPU
	EndGlobalSection
	GlobalSection(SolutionProperties) = preSolution
		HideSolutionNode = FALSE
	EndGlobalSection
	GlobalSection(ExtensibilityGlobals) = postSolution
		SolutionGuid = {5484132E-6FE7-4B7A-B606-D9406FEEBC7D}
	EndGlobalSection
EndGlobal
